{
  "name": "ng-create-with-config",
  "version": "1.0.4",
  "lockfileVersion": 3,
  "requires": true,
  "packages": {
    "": {
      "name": "ng-create-with-config",
      "version": "1.0.4",
      "license": "MIT",
      "bin": {
        "ng-create-with-config": "init.js"
      },
      "engines": {
        "node": ">=14.0.0"
      }
    }
  }
}
